
Microsoft Visual Studio Solution File, Format Version 12.00
# Visual Studio Version 16
VisualStudioVersion = 16.0.29609.76
MinimumVisualStudioVersion = 10.0.40219.1
Project("{FAE04EC0-301F-11D3-BF4B-00C04F79EFBC}") = "LibraryAPI", "LibraryAPI\LibraryAPI.csproj", "{66D71B90-13F8-478C-AFAE-13E84C29964A}"
EndProject
Project("{2150E333-8FDC-42A3-9474-1A3956D46DE8}") = "SolutionItems", "SolutionItems", "{2B0C0519-B25E-4251-92D8-0CC7B550C9F3}"
	ProjectSection(SolutionItems) = preProject
		E:\Nemanja\Programming\C Sharp\Videos\SaleWebDesign.com-Web-API-ASP-Net-Core\3. Creating API's - Before we start\API Calls Requirements.pdf = E:\Nemanja\Programming\C Sharp\Videos\SaleWebDesign.com-Web-API-ASP-Net-Core\3. Creating API's - Before we start\API Calls Requirements.pdf
		..\..\..\Desktop\EntityRelationship.JPG = ..\..\..\Desktop\EntityRelationship.JPG
		ToDoList.txt = ToDoList.txt
	EndProjectSection
EndProject
Global
	GlobalSection(SolutionConfigurationPlatforms) = preSolution
		Debug|Any CPU = Debug|Any CPU
		Release|Any CPU = Release|Any CPU
	EndGlobalSection
	GlobalSection(ProjectConfigurationPlatforms) = postSolution
		{66D71B90-13F8-478C-AFAE-13E84C29964A}.Debug|Any CPU.ActiveCfg = Debug|Any CPU
		{66D71B90-13F8-478C-AFAE-13E84C29964A}.Debug|Any CPU.Build.0 = Debug|Any CPU
		{66D71B90-13F8-478C-AFAE-13E84C29964A}.Release|Any CPU.ActiveCfg = Release|Any CPU
		{66D71B90-13F8-478C-AFAE-13E84C29964A}.Release|Any CPU.Build.0 = Release|Any CPU
	EndGlobalSection
	GlobalSection(SolutionProperties) = preSolution
		HideSolutionNode = FALSE
	EndGlobalSection
	GlobalSection(ExtensibilityGlobals) = postSolution
		SolutionGuid = {609551E4-0512-478B-BE4A-CCBBEF130681}
	EndGlobalSection
EndGlobal
